// !$*UTF8*$!
{
	archiveVersion = 1;
	classes = {
	};
	objectVersion = 46;
	objects = {

/* Begin PBXBuildFile section */
		27F2E9D11B8B5356003CD00C /* AppDelegate.swift in Sources */ = {isa = PBXBuildFile; fileRef = 27F2E9D01B8B5356003CD00C /* AppDelegate.swift */; };
		27F2E9D31B8B5356003CD00C /* ViewController.swift in Sources */ = {isa = PBXBuildFile; fileRef = 27F2E9D21B8B5356003CD00C /* ViewController.swift */; };
		27F2E9D61B8B5356003CD00C /* Main.storyboard in Resources */ = {isa = PBXBuildFile; fileRef = 27F2E9D41B8B5356003CD00C /* Main.storyboard */; };
		27F2E9D81B8B5356003CD00C /* Images.xcassets in Resources */ = {isa = PBXBuildFile; fileRef = 27F2E9D71B8B5356003CD00C /* Images.xcassets */; };
		27F2E9DB1B8B5356003CD00C /* LaunchScreen.xib in Resources */ = {isa = PBXBuildFile; fileRef = 27F2E9D91B8B5356003CD00C /* LaunchScreen.xib */; };
		27F2E9E71B8B5356003CD00C /* ReverseGeocodeTests.swift in Sources */ = {isa = PBXBuildFile; fileRef = 27F2E9E61B8B5356003CD00C /* ReverseGeocodeTests.swift */; };
/* End PBXBuildFile section */

/* Begin PBXContainerItemProxy section */
		27F2E9E11B8B5356003CD00C /* PBXContainerItemProxy */ = {
			isa = PBXContainerItemProxy;
			containerPortal = 27F2E9C31B8B5356003CD00C /* Project object */;
			proxyType = 1;
			remoteGlobalIDString = 27F2E9CA1B8B5356003CD00C;
			remoteInfo = ReverseGeocode;
		};
/* End PBXContainerItemProxy section */

/* Begin PBXFileReference section */
		27F2E9CB1B8B5356003CD00C /* ReverseGeocode.app */ = {isa = PBXFileReference; explicitFileType = wrapper.application; includeInIndex = 0; path = ReverseGeocode.app; sourceTree = BUILT_PRODUCTS_DIR; };
		27F2E9CF1B8B5356003CD00C /* Info.plist */ = {isa = PBXFileReference; lastKnownFileType = text.plist.xml; path = Info.plist; sourceTree = "<group>"; };
		27F2E9D01B8B5356003CD00C /* AppDelegate.swift */ = {isa = PBXFileReference; lastKnownFileType = sourcecode.swift; path = AppDelegate.swift; sourceTree = "<group>"; };
		27F2E9D21B8B5356003CD00C /* ViewController.swift */ = {isa = PBXFileReference; lastKnownFileType = sourcecode.swift; path = ViewController.swift; sourceTree = "<group>"; };
		27F2E9D51B8B5356003CD00C /* Base */ = {isa = PBXFileReference; lastKnownFileType = file.storyboard; name = Base; path = Base.lproj/Main.storyboard; sourceTree = "<group>"; };
		27F2E9D71B8B5356003CD00C /* Images.xcassets */ = {isa = PBXFileReference; lastKnownFileType = folder.assetcatalog; path = Images.xcassets; sourceTree = "<group>"; };
		27F2E9DA1B8B5356003CD00C /* Base */ = {isa = PBXFileReference; lastKnownFileType = file.xib; name = Base; path = Base.lproj/LaunchScreen.xib; sourceTree = "<group>"; };
		27F2E9E01B8B5356003CD00C /* ReverseGeocodeTests.xctest */ = {isa = PBXFileReference; explicitFileType = wrapper.cfbundle; includeInIndex = 0; path = ReverseGeocodeTests.xctest; sourceTree = BUILT_PRODUCTS_DIR; };
		27F2E9E51B8B5356003CD00C /* Info.plist */ = {isa = PBXFileReference; lastKnownFileType = text.plist.xml; path = Info.plist; sourceTree = "<group>"; };
		27F2E9E61B8B5356003CD00C /* ReverseGeocodeTests.swift */ = {isa = PBXFileReference; lastKnownFileType = sourcecode.swift; path = ReverseGeocodeTests.swift; sourceTree = "<group>"; };
/* End PBXFileReference section */

/* Begin PBXFrameworksBuildPhase section */
		27F2E9C81B8B5356003CD00C /* Frameworks */ = {
			isa = PBXFrameworksBuildPhase;
			buildActionMask = 2147483647;
			files = (
			);
			runOnlyForDeploymentPostprocessing = 0;
		};
		27F2E9DD1B8B5356003CD00C /* Frameworks */ = {
			isa = PBXFrameworksBuildPhase;
			buildActionMask = 2147483647;
			files = (
			);
			runOnlyForDeploymentPostprocessing = 0;
		};
/* End PBXFrameworksBuildPhase section */

/* Begin PBXGroup section */
		27F2E9C21B8B5356003CD00C = {
			isa = PBXGroup;
			children = (
				27F2E9CD1B8B5356003CD00C /* ReverseGeocode */,
				27F2E9E31B8B5356003CD00C /* ReverseGeocodeTests */,
				27F2E9CC1B8B5356003CD00C /* Products */,
			);
			sourceTree = "<group>";
		};
		27F2E9CC1B8B5356003CD00C /* Products */ = {
			isa = PBXGroup;
			children = (
				27F2E9CB1B8B5356003CD00C /* ReverseGeocode.app */,
				27F2E9E01B8B5356003CD00C /* ReverseGeocodeTests.xctest */,
			);
			name = Products;
			sourceTree = "<group>";
		};
		27F2E9CD1B8B5356003CD00C /* ReverseGeocode */ = {
			isa = PBXGroup;
			children = (
				27F2E9D01B8B5356003CD00C /* AppDelegate.swift */,
				27F2E9D21B8B5356003CD00C /* ViewController.swift */,
				27F2E9D41B8B5356003CD00C /* Main.storyboard */,
				27F2E9D71B8B5356003CD00C /* Images.xcassets */,
				27F2E9D91B8B5356003CD00C /* LaunchScreen.xib */,
				27F2E9CE1B8B5356003CD00C /* Supporting Files */,
			);
			path = ReverseGeocode;
			sourceTree = "<group>";
		};
		27F2E9CE1B8B5356003CD00C /* Supporting Files */ = {
			isa = PBXGroup;
			children = (
				27F2E9CF1B8B5356003CD00C /* Info.plist */,
			);
			name = "Supporting Files";
			sourceTree = "<group>";
		};
		27F2E9E31B8B5356003CD00C /* ReverseGeocodeTests */ = {
			isa = PBXGroup;
			children = (
				27F2E9E61B8B5356003CD00C /* ReverseGeocodeTests.swift */,
				27F2E9E41B8B5356003CD00C /* Supporting Files */,
			);
			path = ReverseGeocodeTests;
			sourceTree = "<group>";
		};
		27F2E9E41B8B5356003CD00C /* Supporting Files */ = {
			isa = PBXGroup;
			children = (
				27F2E9E51B8B5356003CD00C /* Info.plist */,
			);
			name = "Supporting Files";
			sourceTree = "<group>";
		};
/* End PBXGroup section */

/* Begin PBXNativeTarget section */
		27F2E9CA1B8B5356003CD00C /* ReverseGeocode */ = {
			isa = PBXNativeTarget;
			buildConfigurationList = 27F2E9EA1B8B5356003CD00C /* Build configuration list for PBXNativeTarget "ReverseGeocode" */;
			buildPhases = (
				27F2E9C71B8B5356003CD00C /* Sources */,
				27F2E9C81B8B5356003CD00C /* Frameworks */,
				27F2E9C91B8B5356003CD00C /* Resources */,
			);
			buildRules = (
			);
			dependencies = (
			);
			name = ReverseGeocode;
			productName = ReverseGeocode;
			productReference = 27F2E9CB1B8B5356003CD00C /* ReverseGeocode.app */;
			productType = "com.apple.product-type.application";
		};
		27F2E9DF1B8B5356003CD00C /* ReverseGeocodeTests */ = {
			isa = PBXNativeTarget;
			buildConfigurationList = 27F2E9ED1B8B5356003CD00C /* Build configuration list for PBXNativeTarget "ReverseGeocodeTests" */;
			buildPhases = (
				27F2E9DC1B8B5356003CD00C /* Sources */,
				27F2E9DD1B8B5356003CD00C /* Frameworks */,
				27F2E9DE1B8B5356003CD00C /* Resources */,
			);
			buildRules = (
			);
			dependencies = (
				27F2E9E21B8B5356003CD00C /* PBXTargetDependency */,
			);
			name = ReverseGeocodeTests;
			productName = ReverseGeocodeTests;
			productReference = 27F2E9E01B8B5356003CD00C /* ReverseGeocodeTests.xctest */;
			productType = "com.apple.product-type.bundle.unit-test";
		};
/* End PBXNativeTarget section */

/* Begin PBXProject section */
		27F2E9C31B8B5356003CD00C /* Project object */ = {
			isa = PBXProject;
			attributes = {
				LastUpgradeCheck = 0640;
				ORGANIZATIONNAME = "Kyle Goslan";
				TargetAttributes = {
					27F2E9CA1B8B5356003CD00C = {
						CreatedOnToolsVersion = 6.4;
					};
					27F2E9DF1B8B5356003CD00C = {
						CreatedOnToolsVersion = 6.4;
						TestTargetID = 27F2E9CA1B8B5356003CD00C;
					};
				};
			};
			buildConfigurationList = 27F2E9C61B8B5356003CD00C /* Build configuration list for PBXProject "ReverseGeocode" */;
			compatibilityVersion = "Xcode 3.2";
			developmentRegion = English;
			hasScannedForEncodings = 0;
			knownRegions = (
				en,
				Base,
			);
			mainGroup = 27F2E9C21B8B5356003CD00C;
			productRefGroup = 27F2E9CC1B8B5356003CD00C /* Products */;
			projectDirPath = "";
			projectRoot = "";
			targets = (
				27F2E9CA1B8B5356003CD00C /* ReverseGeocode */,
				27F2E9DF1B8B5356003CD00C /* ReverseGeocodeTests */,
			);
		};
/* End PBXProject section */

/* Begin PBXResourcesBuildPhase section */
		27F2E9C91B8B5356003CD00C /* Resources */ = {
			isa = PBXResourcesBuildPhase;
			buildActionMask = 2147483647;
			files = (
				27F2E9D61B8B5356003CD00C /* Main.storyboard in Resources */,
				27F2E9DB1B8B5356003CD00C /* LaunchScreen.xib in Resources */,
				27F2E9D81B8B5356003CD00C /* Images.xcassets in Resources */,
			);
			runOnlyForDeploymentPostprocessing = 0;
		};
		27F2E9DE1B8B5356003CD00C /* Resources */ = {
			isa = PBXResourcesBuildPhase;
			buildActionMask = 2147483647;
			files = (
			);
			runOnlyForDeploymentPostprocessing = 0;
		};
/* End PBXResourcesBuildPhase section */

/* Begin PBXSourcesBuildPhase section */
		27F2E9C71B8B5356003CD00C /* Sources */ = {
			isa = PBXSourcesBuildPhase;
			buildActionMask = 2147483647;
			files = (
				27F2E9D31B8B5356003CD00C /* ViewController.swift in Sources */,
				27F2E9D11B8B5356003CD00C /* AppDelegate.swift in Sources */,
			);
			runOnlyForDeploymentPostprocessing = 0;
		};
		27F2E9DC1B8B5356003CD00C /* Sources */ = {
			isa = PBXSourcesBuildPhase;
			buildActionMask = 2147483647;
			files = (
				27F2E9E71B8B5356003CD00C /* ReverseGeocodeTests.swift in Sources */,
			);
			runOnlyForDeploymentPostprocessing = 0;
		};
/* End PBXSourcesBuildPhase section */

/* Begin PBXTargetDependency section */
		27F2E9E21B8B5356003CD00C /* PBXTargetDependency */ = {
			isa = PBXTargetDependency;
			target = 27F2E9CA1B8B5356003CD00C /* ReverseGeocode */;
			targetProxy = 27F2E9E11B8B5356003CD00C /* PBXContainerItemProxy */;
		};
/* End PBXTargetDependency section */

/* Begin PBXVariantGroup section */
		27F2E9D41B8B5356003CD00C /* Main.storyboard */ = {
			isa = PBXVariantGroup;
			children = (
				27F2E9D51B8B5356003CD00C /* Base */,
			);
			name = Main.storyboard;
			sourceTree = "<group>";
		};
		27F2E9D91B8B5356003CD00C /* LaunchScreen.xib */ = {
			isa = PBXVariantGroup;
			children = (
				27F2E9DA1B8B5356003CD00C /* Base */,
			);
			name = LaunchScreen.xib;
			sourceTree = "<group>";
		};
/* End PBXVariantGroup section */

/* Begin XCBuildConfiguration section */
		27F2E9E81B8B5356003CD00C /* Debug */ = {
			isa = XCBuildConfiguration;
			buildSettings = {
				ALWAYS_SEARCH_USER_PATHS = NO;
				CLANG_CXX_LANGUAGE_STANDARD = "gnu++0x";
				CLANG_CXX_LIBRARY = "libc++";
				CLANG_ENABLE_MODULES = YES;
				CLANG_ENABLE_OBJC_ARC = YES;
				CLANG_WARN_BOOL_CONVERSION = YES;
				CLANG_WARN_CONSTANT_CONVERSION = YES;
				CLANG_WARN_DIRECT_OBJC_ISA_USAGE = YES_ERROR;
				CLANG_WARN_EMPTY_BODY = YES;
				CLANG_WARN_ENUM_CONVERSION = YES;
				CLANG_WARN_INT_CONVERSION = YES;
				CLANG_WARN_OBJC_ROOT_CLASS = YES_ERROR;
				CLANG_WARN_UNREACHABLE_CODE = YES;
				CLANG_WARN__DUPLICATE_METHOD_MATCH = YES;
				"CODE_SIGN_IDENTITY[sdk=iphoneos*]" = "iPhone Developer";
				COPY_PHASE_STRIP = NO;
				DEBUG_INFORMATION_FORMAT = "dwarf-with-dsym";
				ENABLE_STRICT_OBJC_MSGSEND = YES;
				GCC_C_LANGUAGE_STANDARD = gnu99;
				GCC_DYNAMIC_NO_PIC = NO;
				GCC_NO_COMMON_BLOCKS = YES;
				GCC_OPTIMIZATION_LEVEL = 0;
				GCC_PREPROCESSOR_DEFINITIONS = (
					"DEBUG=1",
					"$(inherited)",
				);
				GCC_SYMBOLS_PRIVATE_EXTERN = NO;
				GCC_WARN_64_TO_32_BIT_CONVERSION = YES;
				GCC_WARN_ABOUT_RETURN_TYPE = YES_ERROR;
				GCC_WARN_UNDECLARED_SELECTOR = YES;
				GCC_WARN_UNINITIALIZED_AUTOS = YES_AGGRESSIVE;
				GCC_WARN_UNUSED_FUNCTION = YES;
				GCC_WARN_UNUSED_VARIABLE = YES;
				IPHONEOS_DEPLOYMENT_TARGET = 8.4;
				MTL_ENABLE_DEBUG_INFO = YES;
				ONLY_ACTIVE_ARCH = YES;
				SDKROOT = iphoneos;
				SWIFT_OPTIMIZATION_LEVEL = "-Onone";
			};
			name = Debug;
		};
		27F2E9E91B8B5356003CD00C /* Release */ = {
			isa = XCBuildConfiguration;
			buildSettings = {
				ALWAYS_SEARCH_USER_PATHS = NO;
				CLANG_CXX_LANGUAGE_STANDARD = "gnu++0x";
				CLANG_CXX_LIBRARY = "libc++";
				CLANG_ENABLE_MODULES = YES;
				CLANG_ENABLE_OBJC_ARC = YES;
				CLANG_WARN_BOOL_CONVERSION = YES;
				CLANG_WARN_CONSTANT_CONVERSION = YES;
				CLANG_WARN_DIRECT_OBJC_ISA_USAGE = YES_ERROR;
				CLANG_WARN_EMPTY_BODY = YES;
				CLANG_WARN_ENUM_CONVERSION = YES;
				CLANG_WARN_INT_CONVERSION = YES;
				CLANG_WARN_OBJC_ROOT_CLASS = YES_ERROR;
				CLANG_WARN_UNREACHABLE_CODE = YES;
				CLANG_WARN__DUPLICATE_METHOD_MATCH = YES;
				"CODE_SIGN_IDENTITY[sdk=iphoneos*]" = "iPhone Developer";
				COPY_PHASE_STRIP = NO;
				DEBUG_INFORMATION_FORMAT = "dwarf-with-dsym";
				ENABLE_NS_ASSERTIONS = NO;
				ENABLE_STRICT_OBJC_MSGSEND = YES;
				GCC_C_LANGUAGE_STANDARD = gnu99;
				GCC_NO_COMMON_BLOCKS = YES;
				GCC_WARN_64_TO_32_BIT_CONVERSION = YES;
				GCC_WARN_ABOUT_RETURN_TYPE = YES_ERROR;
				GCC_WARN_UNDECLARED_SELECTOR = YES;
				GCC_WARN_UNINITIALIZED_AUTOS = YES_AGGRESSIVE;
				GCC_WARN_UNUSED_FUNCTION = YES;
				GCC_WARN_UNUSED_VARIABLE = YES;
				IPHONEOS_DEPLOYMENT_TARGET = 8.4;
				MTL_ENABLE_DEBUG_INFO = NO;
				SDKROOT = iphoneos;
				VALIDATE_PRODUCT = YES;
			};
			name = Release;
		};
		27F2E9EB1B8B5356003CD00C /* Debug */ = {
			isa = XCBuildConfiguration;
			buildSettings = {
				ASSETCATALOG_COMPILER_APPICON_NAME = AppIcon;
				INFOPLIST_FILE = ReverseGeocode/Info.plist;
				LD_RUNPATH_SEARCH_PATHS = "$(inherited) @executable_path/Frameworks";
				PRODUCT_NAME = "$(TARGET_NAME)";
			};
			name = Debug;
		};
		27F2E9EC1B8B5356003CD00C /* Release */ = {
			isa = XCBuildConfiguration;
			buildSettings = {
				ASSETCATALOG_COMPILER_APPICON_NAME = AppIcon;
				INFOPLIST_FILE = ReverseGeocode/Info.plist;
				LD_RUNPATH_SEARCH_PATHS = "$(inherited) @executable_path/Frameworks";
				PRODUCT_NAME = "$(TARGET_NAME)";
			};
			name = Release;
		};
		27F2E9EE1B8B5356003CD00C /* Debug */ = {
			isa = XCBuildConfiguration;
			buildSettings = {
				BUNDLE_LOADER = "$(TEST_HOST)";
				FRAMEWORK_SEARCH_PATHS = (
					"$(SDKROOT)/Developer/Library/Frameworks",
					"$(inherited)",
				);
				GCC_PREPROCESSOR_DEFINITIONS = (
					"DEBUG=1",
					"$(inherited)",
				);
				INFOPLIST_FILE = ReverseGeocodeTests/Info.plist;
				LD_RUNPATH_SEARCH_PATHS = "$(inherited) @executable_path/Frameworks @loader_path/Frameworks";
				PRODUCT_NAME = "$(TARGET_NAME)";
				TEST_HOST = "$(BUILT_PRODUCTS_DIR)/ReverseGeocode.app/ReverseGeocode";
			};
			name = Debug;
		};
		27F2E9EF1B8B5356003CD00C /* Release */ = {
			isa = XCBuildConfiguration;
			buildSettings = {
				BUNDLE_LOADER = "$(TEST_HOST)";
				FRAMEWORK_SEARCH_PATHS = (
					"$(SDKROOT)/Developer/Library/Frameworks",
					"$(inherited)",
				);
				INFOPLIST_FILE = ReverseGeocodeTests/Info.plist;
				LD_RUNPATH_SEARCH_PATHS = "$(inherited) @executable_path/Frameworks @loader_path/Frameworks";
				PRODUCT_NAME = "$(TARGET_NAME)";
				TEST_HOST = "$(BUILT_PRODUCTS_DIR)/ReverseGeocode.app/ReverseGeocode";
			};
			name = Release;
		};
/* End XCBuildConfiguration section */

/* Begin XCConfigurationList section */
		27F2E9C61B8B5356003CD00C /* Build configuration list for PBXProject "ReverseGeocode" */ = {
			isa = XCConfigurationList;
			buildConfigurations = (
				27F2E9E81B8B5356003CD00C /* Debug */,
				27F2E9E91B8B5356003CD00C /* Release */,
			);
			defaultConfigurationIsVisible = 0;
			defaultConfigurationName = Release;
		};
		27F2E9EA1B8B5356003CD00C /* Build configuration list for PBXNativeTarget "ReverseGeocode" */ = {
			isa = XCConfigurationList;
			buildConfigurations = (
				27F2E9EB1B8B5356003CD00C /* Debug */,
				27F2E9EC1B8B5356003CD00C /* Release */,
			);
			defaultConfigurationIsVisible = 0;
		};
		27F2E9ED1B8B5356003CD00C /* Build configuration list for PBXNativeTarget "ReverseGeocodeTests" */ = {
			isa = XCConfigurationList;
			buildConfigurations = (
				27F2E9EE1B8B5356003CD00C /* Debug */,
				27F2E9EF1B8B5356003CD00C /* Release */,
			);
			defaultConfigurationIsVisible = 0;
		};
/* End XCConfigurationList section */
	};
	rootObject = 27F2E9C31B8B5356003CD00C /* Project object */;
}
